
Microsoft Visual Studio Solution File, Format Version 12.00
# Visual Studio Version 16
VisualStudioVersion = 16.0.28803.352
MinimumVisualStudioVersion = 10.0.40219.1
Project("{9A19103F-16F7-4668-BE54-9A1E7A4F7556}") = "IdentityNumber.Domain", "IdentityNumber.Domain\IdentityNumber.Domain.csproj", "{34B9205E-7556-4265-B150-1CF65E562583}"
EndProject
Project("{9A19103F-16F7-4668-BE54-9A1E7A4F7556}") = "IdentityNumber.Infrastructure", "IdentityNumber.Infrastructure\IdentityNumber.Infrastructure.csproj", "{793265A4-3C21-4D5A-AA2F-2AC23682BCAE}"
EndProject
Project("{9A19103F-16F7-4668-BE54-9A1E7A4F7556}") = "IdentityNumber.Infrastructure.Api", "IdentityNumber.Infrastructure.Api\IdentityNumber.Infrastructure.Api.csproj", "{1AE5E0DB-81B5-44AE-A4F0-B32728C84AEA}"
EndProject
Project("{9A19103F-16F7-4668-BE54-9A1E7A4F7556}") = "IdentityNumber.Infrastructure.Api.Tests", "IdentityNumber.Infrastructure.Api.Tests\IdentityNumber.Infrastructure.Api.Tests.csproj", "{34DC4BD0-7893-40A4-B36E-1DCC4908E56C}"
EndProject
Project("{FAE04EC0-301F-11D3-BF4B-00C04F79EFBC}") = "IdentityNumber.Presentation", "IdentityNumber.Presentation\IdentityNumber.Presentation.csproj", "{2C130062-1121-4025-BF06-1FFCF739088B}"
EndProject
Global
	GlobalSection(SolutionConfigurationPlatforms) = preSolution
		Debug|Any CPU = Debug|Any CPU
		Release|Any CPU = Release|Any CPU
	EndGlobalSection
	GlobalSection(ProjectConfigurationPlatforms) = postSolution
		{34B9205E-7556-4265-B150-1CF65E562583}.Debug|Any CPU.ActiveCfg = Debug|Any CPU
		{34B9205E-7556-4265-B150-1CF65E562583}.Debug|Any CPU.Build.0 = Debug|Any CPU
		{34B9205E-7556-4265-B150-1CF65E562583}.Release|Any CPU.ActiveCfg = Release|Any CPU
		{34B9205E-7556-4265-B150-1CF65E562583}.Release|Any CPU.Build.0 = Release|Any CPU
		{793265A4-3C21-4D5A-AA2F-2AC23682BCAE}.Debug|Any CPU.ActiveCfg = Debug|Any CPU
		{793265A4-3C21-4D5A-AA2F-2AC23682BCAE}.Debug|Any CPU.Build.0 = Debug|Any CPU
		{793265A4-3C21-4D5A-AA2F-2AC23682BCAE}.Release|Any CPU.ActiveCfg = Release|Any CPU
		{793265A4-3C21-4D5A-AA2F-2AC23682BCAE}.Release|Any CPU.Build.0 = Release|Any CPU
		{1AE5E0DB-81B5-44AE-A4F0-B32728C84AEA}.Debug|Any CPU.ActiveCfg = Debug|Any CPU
		{1AE5E0DB-81B5-44AE-A4F0-B32728C84AEA}.Debug|Any CPU.Build.0 = Debug|Any CPU
		{1AE5E0DB-81B5-44AE-A4F0-B32728C84AEA}.Release|Any CPU.ActiveCfg = Release|Any CPU
		{1AE5E0DB-81B5-44AE-A4F0-B32728C84AEA}.Release|Any CPU.Build.0 = Release|Any CPU
		{34DC4BD0-7893-40A4-B36E-1DCC4908E56C}.Debug|Any CPU.ActiveCfg = Debug|Any CPU
		{34DC4BD0-7893-40A4-B36E-1DCC4908E56C}.Debug|Any CPU.Build.0 = Debug|Any CPU
		{34DC4BD0-7893-40A4-B36E-1DCC4908E56C}.Release|Any CPU.ActiveCfg = Release|Any CPU
		{34DC4BD0-7893-40A4-B36E-1DCC4908E56C}.Release|Any CPU.Build.0 = Release|Any CPU
		{2C130062-1121-4025-BF06-1FFCF739088B}.Debug|Any CPU.ActiveCfg = Debug|Any CPU
		{2C130062-1121-4025-BF06-1FFCF739088B}.Debug|Any CPU.Build.0 = Debug|Any CPU
		{2C130062-1121-4025-BF06-1FFCF739088B}.Release|Any CPU.ActiveCfg = Release|Any CPU
		{2C130062-1121-4025-BF06-1FFCF739088B}.Release|Any CPU.Build.0 = Release|Any CPU
	EndGlobalSection
	GlobalSection(SolutionProperties) = preSolution
		HideSolutionNode = FALSE
	EndGlobalSection
	GlobalSection(ExtensibilityGlobals) = postSolution
		SolutionGuid = {61AC339C-540B-4E68-B213-9A3AE95F2E0F}
	EndGlobalSection
EndGlobal
